
Microsoft Visual Studio Solution File, Format Version 12.00
# Visual Studio Version 17
VisualStudioVersion = 17.7.34031.279
MinimumVisualStudioVersion = 10.0.40219.1
Project("{9A19103F-16F7-4668-BE54-9A1E7A4F7556}") = "Excel.Loader.WebApp", "Excel.Loader.WebApp\Excel.Loader.WebApp.csproj", "{6DB82973-4DFC-4262-BB43-B4103186DFD5}"
EndProject
Global
	GlobalSection(SolutionConfigurationPlatforms) = preSolution
		Debug|Any CPU = Debug|Any CPU
		Release|Any CPU = Release|Any CPU
	EndGlobalSection
	GlobalSection(ProjectConfigurationPlatforms) = postSolution
		{6DB82973-4DFC-4262-BB43-B4103186DFD5}.Debug|Any CPU.ActiveCfg = Debug|Any CPU
		{6DB82973-4DFC-4262-BB43-B4103186DFD5}.Debug|Any CPU.Build.0 = Debug|Any CPU
		{6DB82973-4DFC-4262-BB43-B4103186DFD5}.Release|Any CPU.ActiveCfg = Release|Any CPU
		{6DB82973-4DFC-4262-BB43-B4103186DFD5}.Release|Any CPU.Build.0 = Release|Any CPU
	EndGlobalSection
	GlobalSection(SolutionProperties) = preSolution
		HideSolutionNode = FALSE
	EndGlobalSection
	GlobalSection(ExtensibilityGlobals) = postSolution
		SolutionGuid = {25D01D43-FCDB-47A4-BC73-BB6F69271DEE}
	EndGlobalSection
EndGlobal
